{
  "name": "npm-workspaces-2versions",
  "version": "1.0.0",
  "lockfileVersion": 2,
  "requires": true,
  "packages": {
    "": {
      "name": "npm-workspaces-2versions",
      "version": "1.0.0",
      "license": "ISC",
      "workspaces": [
        "workspace-a",
        "workspace-b"
      ]
    },
    "node_modules/workspace-a": {
      "resolved": "workspace-a",
      "link": true
    },
    "node_modules/workspace-b": {
      "resolved": "workspace-b",
      "link": true
    },
    "workspace-a": {
      "version": "1.0.0",
      "license": "ISC"
    },
    "workspace-b": {
      "version": "1.0.0",
      "license": "ISC",
      "devDependencies": {}
    }
  },
  "dependencies": {
    "workspace-a": {
      "version": "file:workspace-a"
    },
    "workspace-b": {
      "version": "file:workspace-b"
    }
  }
}
